
Microsoft Visual Studio Solution File, Format Version 12.00
# Visual Studio Version 16
VisualStudioVersion = 16.0.29519.161
MinimumVisualStudioVersion = 10.0.40219.1
Project("{FAE04EC0-301F-11D3-BF4B-00C04F79EFBC}") = "AgileDIary2", "AgileDIary2.csproj", "{8D330A89-8808-4EE0-8196-AF363F275DC6}"
EndProject
Global
	GlobalSection(SolutionConfigurationPlatforms) = preSolution
		Debug|Any CPU = Debug|Any CPU
		Release|Any CPU = Release|Any CPU
	EndGlobalSection
	GlobalSection(ProjectConfigurationPlatforms) = postSolution
		{8D330A89-8808-4EE0-8196-AF363F275DC6}.Debug|Any CPU.ActiveCfg = Debug|Any CPU
		{8D330A89-8808-4EE0-8196-AF363F275DC6}.Debug|Any CPU.Build.0 = Debug|Any CPU
		{8D330A89-8808-4EE0-8196-AF363F275DC6}.Release|Any CPU.ActiveCfg = Release|Any CPU
		{8D330A89-8808-4EE0-8196-AF363F275DC6}.Release|Any CPU.Build.0 = Release|Any CPU
	EndGlobalSection
	GlobalSection(SolutionProperties) = preSolution
		HideSolutionNode = FALSE
	EndGlobalSection
	GlobalSection(ExtensibilityGlobals) = postSolution
		SolutionGuid = {21779FDE-67D6-402E-87F9-E3DBE59D28DB}
	EndGlobalSection
EndGlobal
